github.com/kr/pretty v0.1.0 h1:L/CwN0zerZDmRFUapSPitk6f+Q3+0za1rQkzVuMiMFI=
github.com/kr/pretty v0.1.0/go.mod h1:dAy3ld7l9f0ibDNOQOHHMYYIIbhfbHSm3C4ZsoJORNo=
github.com/kr/pty v1.1.1/go.mod h1:pFQYn66WHrOpPYNljwOMqo10TkYh1fy3cYio2l3bCsQ=
github.com/kr/text v0.1.0 h1:45sCR5RtlFHMR4UwH9sdQ5TC8v0qDQCHnXt+kaKSTVE=
github.com/kr/text v0.1.0/go.mod h1:4Jbv+DJW3UT/LiOwJeYQe1efqtUx/iVham/4vfdArNI=
github.com/otrv4/ed448 v0.0.0-20180708185150-75bc328cc212 h1:utLCtsy3k4GS5+qAR2HDq5/0dLNeJyKttVHVaoW7zsI=
github.com/otrv4/ed448 v0.0.0-20180708185150-75bc328cc212/go.mod h1:3KMhmMyj8XlfF+TAWu4IbRvAbRTvGR5rWDOmFnvk240=
github.com/otrv4/gotrx v0.0.0-20191029155758-b5994e4df53c h1:CR84+aU3EZxCpcuj9zuoammelO9EPCzjQ8ZrRizOhtU=
github.com/otrv4/gotrx v0.0.0-20191029155758-b5994e4df53c/go.mod h1:gDOdHLhS1AhtXEO1qRKn4rj97Cbh+5ssNuWHoG4LM8k=
golang.org/x/crypto v0.0.0-20180621125126-a49355c7e3f8 h1:h7zdf0RiEvWbYBKIx4b+q41xoUVnMmvsGZnIVE5syG8=
golang.org/x/crypto v0.0.0-20180621125126-a49355c7e3f8/go.mod h1:6SG95UA2DQfeDnfUPMdvaQW0Q7yPrPDi9nlGo2tz2b4=
gopkg.in/check.v1 v1.0.0-20180628173108-788fd7840127 h1:qIbj1fsPNlZgppZ+VLlY7N33q108Sa+fhmuc+sWQYwY=
gopkg.in/check.v1 v1.0.0-20180628173108-788fd7840127/go.mod h1:Co6ibVJAznAaIkqp8huTwlJQCZ016jof/cbN4VW5Yz0=
